{
  "name": "drawjs",
  "version": "1.0.0",
  "lockfileVersion": 1,
  "requires": true,
  "dependencies": {
    "canvaskit-wasm": {
      "version": "0.25.1",
      "resolved": "https://registry.npmjs.org/canvaskit-wasm/-/canvaskit-wasm-0.25.1.tgz",
      "integrity": "sha512-/UlnxGcCdOjn2exHc+WE8sQQHs7Sp2yuNndoqyvv8fuUPRJGxCtqABy4S6cSIhxIhLeq/DzAoLQYs3F/tZlEEg=="
    }
  }
}
